
Microsoft Visual Studio Solution File, Format Version 12.00
# Visual Studio Version 17
VisualStudioVersion = 17.7.34024.191
MinimumVisualStudioVersion = 10.0.40219.1
Project("{FAE04EC0-301F-11D3-BF4B-00C04F79EFBC}") = "FilmAPI", "FilmAPI.csproj", "{79D5DE8F-B749-4307-AFF2-052836997F2A}"
EndProject
Global
	GlobalSection(SolutionConfigurationPlatforms) = preSolution
		Debug|Any CPU = Debug|Any CPU
		Release|Any CPU = Release|Any CPU
	EndGlobalSection
	GlobalSection(ProjectConfigurationPlatforms) = postSolution
		{79D5DE8F-B749-4307-AFF2-052836997F2A}.Debug|Any CPU.ActiveCfg = Debug|Any CPU
		{79D5DE8F-B749-4307-AFF2-052836997F2A}.Debug|Any CPU.Build.0 = Debug|Any CPU
		{79D5DE8F-B749-4307-AFF2-052836997F2A}.Release|Any CPU.ActiveCfg = Release|Any CPU
		{79D5DE8F-B749-4307-AFF2-052836997F2A}.Release|Any CPU.Build.0 = Release|Any CPU
	EndGlobalSection
	GlobalSection(SolutionProperties) = preSolution
		HideSolutionNode = FALSE
	EndGlobalSection
	GlobalSection(ExtensibilityGlobals) = postSolution
		SolutionGuid = {DF5378D3-6A1C-419E-9428-EEA31912D629}
	EndGlobalSection
EndGlobal
